// !$*UTF8*$!
{
	archiveVersion = 1;
	classes = {
	};
	objectVersion = 56;
	objects = {

/* Begin PBXBuildFile section */
		23267D012B81A9BB00A4587D /* AppDelegate.swift in Sources */ = {isa = PBXBuildFile; fileRef = 23267D002B81A9BB00A4587D /* AppDelegate.swift */; };
		23267D032B81A9BB00A4587D /* SceneDelegate.swift in Sources */ = {isa = PBXBuildFile; fileRef = 23267D022B81A9BB00A4587D /* SceneDelegate.swift */; };
		23267D052B81A9BB00A4587D /* SplashViewController.swift in Sources */ = {isa = PBXBuildFile; fileRef = 23267D042B81A9BB00A4587D /* SplashViewController.swift */; };
		23267D0A2B81A9BC00A4587D /* Assets.xcassets in Resources */ = {isa = PBXBuildFile; fileRef = 23267D092B81A9BC00A4587D /* Assets.xcassets */; };
		23267D0D2B81A9BC00A4587D /* LaunchScreen.storyboard in Resources */ = {isa = PBXBuildFile; fileRef = 23267D0B2B81A9BC00A4587D /* LaunchScreen.storyboard */; };
		23F11B322B81AA0E00D82180 /* SplashView.storyboard in Resources */ = {isa = PBXBuildFile; fileRef = 23F11B312B81AA0E00D82180 /* SplashView.storyboard */; };
		23F11B3C2B81AC9E00D82180 /* SplashViewModel.swift in Sources */ = {isa = PBXBuildFile; fileRef = 23F11B3B2B81AC9E00D82180 /* SplashViewModel.swift */; };
		23F11B422B81B12200D82180 /* HomeCellModel.swift in Sources */ = {isa = PBXBuildFile; fileRef = 23F11B412B81B12200D82180 /* HomeCellModel.swift */; };
		23F11B442B81B16000D82180 /* HomeView.storyboard in Resources */ = {isa = PBXBuildFile; fileRef = 23F11B432B81B16000D82180 /* HomeView.storyboard */; };
		23F11B462B81B17400D82180 /* HomeViewController.swift in Sources */ = {isa = PBXBuildFile; fileRef = 23F11B452B81B17400D82180 /* HomeViewController.swift */; };
		23F11B482B81B18200D82180 /* HomeViewModel.swift in Sources */ = {isa = PBXBuildFile; fileRef = 23F11B472B81B18200D82180 /* HomeViewModel.swift */; };
		23F11B4A2B81B61900D82180 /* CharacterModel.swift in Sources */ = {isa = PBXBuildFile; fileRef = 23F11B492B81B61900D82180 /* CharacterModel.swift */; };
		23F11B4C2B81C1AF00D82180 /* CellViewController.swift in Sources */ = {isa = PBXBuildFile; fileRef = 23F11B4B2B81C1AF00D82180 /* CellViewController.swift */; };
/* End PBXBuildFile section */

/* Begin PBXFileReference section */
		23267CFD2B81A9BB00A4587D /* FriendsApp.app */ = {isa = PBXFileReference; explicitFileType = wrapper.application; includeInIndex = 0; path = FriendsApp.app; sourceTree = BUILT_PRODUCTS_DIR; };
		23267D002B81A9BB00A4587D /* AppDelegate.swift */ = {isa = PBXFileReference; lastKnownFileType = sourcecode.swift; path = AppDelegate.swift; sourceTree = "<group>"; };
		23267D022B81A9BB00A4587D /* SceneDelegate.swift */ = {isa = PBXFileReference; lastKnownFileType = sourcecode.swift; path = SceneDelegate.swift; sourceTree = "<group>"; };
		23267D042B81A9BB00A4587D /* SplashViewController.swift */ = {isa = PBXFileReference; lastKnownFileType = sourcecode.swift; path = SplashViewController.swift; sourceTree = "<group>"; };
		23267D092B81A9BC00A4587D /* Assets.xcassets */ = {isa = PBXFileReference; lastKnownFileType = folder.assetcatalog; path = Assets.xcassets; sourceTree = "<group>"; };
		23267D0C2B81A9BC00A4587D /* Base */ = {isa = PBXFileReference; lastKnownFileType = file.storyboard; name = Base; path = Base.lproj/LaunchScreen.storyboard; sourceTree = "<group>"; };
		23267D0E2B81A9BC00A4587D /* Info.plist */ = {isa = PBXFileReference; lastKnownFileType = text.plist.xml; path = Info.plist; sourceTree = "<group>"; };
		23F11B312B81AA0E00D82180 /* SplashView.storyboard */ = {isa = PBXFileReference; lastKnownFileType = file.storyboard; path = SplashView.storyboard; sourceTree = "<group>"; };
		23F11B3B2B81AC9E00D82180 /* SplashViewModel.swift */ = {isa = PBXFileReference; lastKnownFileType = sourcecode.swift; path = SplashViewModel.swift; sourceTree = "<group>"; };
		23F11B412B81B12200D82180 /* HomeCellModel.swift */ = {isa = PBXFileReference; lastKnownFileType = sourcecode.swift; path = HomeCellModel.swift; sourceTree = "<group>"; };
		23F11B432B81B16000D82180 /* HomeView.storyboard */ = {isa = PBXFileReference; lastKnownFileType = file.storyboard; path = HomeView.storyboard; sourceTree = "<group>"; };
		23F11B452B81B17400D82180 /* HomeViewController.swift */ = {isa = PBXFileReference; lastKnownFileType = sourcecode.swift; path = HomeViewController.swift; sourceTree = "<group>"; };
		23F11B472B81B18200D82180 /* HomeViewModel.swift */ = {isa = PBXFileReference; lastKnownFileType = sourcecode.swift; path = HomeViewModel.swift; sourceTree = "<group>"; };
		23F11B492B81B61900D82180 /* CharacterModel.swift */ = {isa = PBXFileReference; lastKnownFileType = sourcecode.swift; path = CharacterModel.swift; sourceTree = "<group>"; };
		23F11B4B2B81C1AF00D82180 /* CellViewController.swift */ = {isa = PBXFileReference; lastKnownFileType = sourcecode.swift; path = CellViewController.swift; sourceTree = "<group>"; };
/* End PBXFileReference section */

/* Begin PBXFrameworksBuildPhase section */
		23267CFA2B81A9BB00A4587D /* Frameworks */ = {
			isa = PBXFrameworksBuildPhase;
			buildActionMask = 2147483647;
			files = (
			);
			runOnlyForDeploymentPostprocessing = 0;
		};
/* End PBXFrameworksBuildPhase section */

/* Begin PBXGroup section */
		23267CF42B81A9BB00A4587D = {
			isa = PBXGroup;
			children = (
				23267CFF2B81A9BB00A4587D /* FriendsApp */,
				23267CFE2B81A9BB00A4587D /* Products */,
			);
			sourceTree = "<group>";
		};
		23267CFE2B81A9BB00A4587D /* Products */ = {
			isa = PBXGroup;
			children = (
				23267CFD2B81A9BB00A4587D /* FriendsApp.app */,
			);
			name = Products;
			sourceTree = "<group>";
		};
		23267CFF2B81A9BB00A4587D /* FriendsApp */ = {
			isa = PBXGroup;
			children = (
				23267D0E2B81A9BC00A4587D /* Info.plist */,
				23F11B332B81AA4200D82180 /* App */,
				23F11B342B81AA4A00D82180 /* Resources */,
				23F11B352B81AA5100D82180 /* Domain */,
				23F11B362B81AA7800D82180 /* UI */,
			);
			path = FriendsApp;
			sourceTree = "<group>";
		};
		23F11B332B81AA4200D82180 /* App */ = {
			isa = PBXGroup;
			children = (
				23267D002B81A9BB00A4587D /* AppDelegate.swift */,
				23267D022B81A9BB00A4587D /* SceneDelegate.swift */,
			);
			path = App;
			sourceTree = "<group>";
		};
		23F11B342B81AA4A00D82180 /* Resources */ = {
			isa = PBXGroup;
			children = (
				23267D092B81A9BC00A4587D /* Assets.xcassets */,
			);
			path = Resources;
			sourceTree = "<group>";
		};
		23F11B352B81AA5100D82180 /* Domain */ = {
			isa = PBXGroup;
			children = (
				23F11B492B81B61900D82180 /* CharacterModel.swift */,
			);
			path = Domain;
			sourceTree = "<group>";
		};
		23F11B362B81AA7800D82180 /* UI */ = {
			isa = PBXGroup;
			children = (
				23F11B3D2B81B0E300D82180 /* Home */,
				23F11B372B81AA9E00D82180 /* Splash */,
			);
			path = UI;
			sourceTree = "<group>";
		};
		23F11B372B81AA9E00D82180 /* Splash */ = {
			isa = PBXGroup;
			children = (
				23F11B382B81AAB300D82180 /* Models */,
				23F11B392B81AABA00D82180 /* Views */,
				23F11B3A2B81AABF00D82180 /* ViewModels */,
			);
			path = Splash;
			sourceTree = "<group>";
		};
		23F11B382B81AAB300D82180 /* Models */ = {
			isa = PBXGroup;
			children = (
			);
			path = Models;
			sourceTree = "<group>";
		};
		23F11B392B81AABA00D82180 /* Views */ = {
			isa = PBXGroup;
			children = (
				23267D0B2B81A9BC00A4587D /* LaunchScreen.storyboard */,
				23F11B312B81AA0E00D82180 /* SplashView.storyboard */,
				23267D042B81A9BB00A4587D /* SplashViewController.swift */,
			);
			path = Views;
			sourceTree = "<group>";
		};
		23F11B3A2B81AABF00D82180 /* ViewModels */ = {
			isa = PBXGroup;
			children = (
				23F11B3B2B81AC9E00D82180 /* SplashViewModel.swift */,
			);
			path = ViewModels;
			sourceTree = "<group>";
		};
		23F11B3D2B81B0E300D82180 /* Home */ = {
			isa = PBXGroup;
			children = (
				23F11B3E2B81B0EA00D82180 /* Models */,
				23F11B3F2B81B0F000D82180 /* Views */,
				23F11B402B81B0F600D82180 /* ViewModels */,
			);
			path = Home;
			sourceTree = "<group>";
		};
		23F11B3E2B81B0EA00D82180 /* Models */ = {
			isa = PBXGroup;
			children = (
				23F11B412B81B12200D82180 /* HomeCellModel.swift */,
			);
			path = Models;
			sourceTree = "<group>";
		};
		23F11B3F2B81B0F000D82180 /* Views */ = {
			isa = PBXGroup;
			children = (
				23F11B432B81B16000D82180 /* HomeView.storyboard */,
				23F11B452B81B17400D82180 /* HomeViewController.swift */,
				23F11B4B2B81C1AF00D82180 /* CellViewController.swift */,
			);
			path = Views;
			sourceTree = "<group>";
		};
		23F11B402B81B0F600D82180 /* ViewModels */ = {
			isa = PBXGroup;
			children = (
				23F11B472B81B18200D82180 /* HomeViewModel.swift */,
			);
			path = ViewModels;
			sourceTree = "<group>";
		};
/* End PBXGroup section */

/* Begin PBXNativeTarget section */
		23267CFC2B81A9BB00A4587D /* FriendsApp */ = {
			isa = PBXNativeTarget;
			buildConfigurationList = 23267D112B81A9BC00A4587D /* Build configuration list for PBXNativeTarget "FriendsApp" */;
			buildPhases = (
				23267CF92B81A9BB00A4587D /* Sources */,
				23267CFA2B81A9BB00A4587D /* Frameworks */,
				23267CFB2B81A9BB00A4587D /* Resources */,
			);
			buildRules = (
			);
			dependencies = (
			);
			name = FriendsApp;
			productName = FriendsApp;
			productReference = 23267CFD2B81A9BB00A4587D /* FriendsApp.app */;
			productType = "com.apple.product-type.application";
		};
/* End PBXNativeTarget section */

/* Begin PBXProject section */
		23267CF52B81A9BB00A4587D /* Project object */ = {
			isa = PBXProject;
			attributes = {
				BuildIndependentTargetsInParallel = 1;
				LastSwiftUpdateCheck = 1520;
				LastUpgradeCheck = 1520;
				TargetAttributes = {
					23267CFC2B81A9BB00A4587D = {
						CreatedOnToolsVersion = 15.2;
					};
				};
			};
			buildConfigurationList = 23267CF82B81A9BB00A4587D /* Build configuration list for PBXProject "FriendsApp" */;
			compatibilityVersion = "Xcode 14.0";
			developmentRegion = en;
			hasScannedForEncodings = 0;
			knownRegions = (
				en,
				Base,
			);
			mainGroup = 23267CF42B81A9BB00A4587D;
			productRefGroup = 23267CFE2B81A9BB00A4587D /* Products */;
			projectDirPath = "";
			projectRoot = "";
			targets = (
				23267CFC2B81A9BB00A4587D /* FriendsApp */,
			);
		};
/* End PBXProject section */

/* Begin PBXResourcesBuildPhase section */
		23267CFB2B81A9BB00A4587D /* Resources */ = {
			isa = PBXResourcesBuildPhase;
			buildActionMask = 2147483647;
			files = (
				23267D0D2B81A9BC00A4587D /* LaunchScreen.storyboard in Resources */,
				23267D0A2B81A9BC00A4587D /* Assets.xcassets in Resources */,
				23F11B442B81B16000D82180 /* HomeView.storyboard in Resources */,
				23F11B322B81AA0E00D82180 /* SplashView.storyboard in Resources */,
			);
			runOnlyForDeploymentPostprocessing = 0;
		};
/* End PBXResourcesBuildPhase section */

/* Begin PBXSourcesBuildPhase section */
		23267CF92B81A9BB00A4587D /* Sources */ = {
			isa = PBXSourcesBuildPhase;
			buildActionMask = 2147483647;
			files = (
				23267D052B81A9BB00A4587D /* SplashViewController.swift in Sources */,
				23267D012B81A9BB00A4587D /* AppDelegate.swift in Sources */,
				23267D032B81A9BB00A4587D /* SceneDelegate.swift in Sources */,
				23F11B4C2B81C1AF00D82180 /* CellViewController.swift in Sources */,
				23F11B3C2B81AC9E00D82180 /* SplashViewModel.swift in Sources */,
				23F11B422B81B12200D82180 /* HomeCellModel.swift in Sources */,
				23F11B4A2B81B61900D82180 /* CharacterModel.swift in Sources */,
				23F11B482B81B18200D82180 /* HomeViewModel.swift in Sources */,
				23F11B462B81B17400D82180 /* HomeViewController.swift in Sources */,
			);
			runOnlyForDeploymentPostprocessing = 0;
		};
/* End PBXSourcesBuildPhase section */

/* Begin PBXVariantGroup section */
		23267D0B2B81A9BC00A4587D /* LaunchScreen.storyboard */ = {
			isa = PBXVariantGroup;
			children = (
				23267D0C2B81A9BC00A4587D /* Base */,
			);
			name = LaunchScreen.storyboard;
			sourceTree = "<group>";
		};
/* End PBXVariantGroup section */

/* Begin XCBuildConfiguration section */
		23267D0F2B81A9BC00A4587D /* Debug */ = {
			isa = XCBuildConfiguration;
			buildSettings = {
				ALWAYS_SEARCH_USER_PATHS = NO;
				ASSETCATALOG_COMPILER_GENERATE_SWIFT_ASSET_SYMBOL_EXTENSIONS = YES;
				CLANG_ANALYZER_NONNULL = YES;
				CLANG_ANALYZER_NUMBER_OBJECT_CONVERSION = YES_AGGRESSIVE;
				CLANG_CXX_LANGUAGE_STANDARD = "gnu++20";
				CLANG_ENABLE_MODULES = YES;
				CLANG_ENABLE_OBJC_ARC = YES;
				CLANG_ENABLE_OBJC_WEAK = YES;
				CLANG_WARN_BLOCK_CAPTURE_AUTORELEASING = YES;
				CLANG_WARN_BOOL_CONVERSION = YES;
				CLANG_WARN_COMMA = YES;
				CLANG_WARN_CONSTANT_CONVERSION = YES;
				CLANG_WARN_DEPRECATED_OBJC_IMPLEMENTATIONS = YES;
				CLANG_WARN_DIRECT_OBJC_ISA_USAGE = YES_ERROR;
				CLANG_WARN_DOCUMENTATION_COMMENTS = YES;
				CLANG_WARN_EMPTY_BODY = YES;
				CLANG_WARN_ENUM_CONVERSION = YES;
				CLANG_WARN_INFINITE_RECURSION = YES;
				CLANG_WARN_INT_CONVERSION = YES;
				CLANG_WARN_NON_LITERAL_NULL_CONVERSION = YES;
				CLANG_WARN_OBJC_IMPLICIT_RETAIN_SELF = YES;
				CLANG_WARN_OBJC_LITERAL_CONVERSION = YES;
				CLANG_WARN_OBJC_ROOT_CLASS = YES_ERROR;
				CLANG_WARN_QUOTED_INCLUDE_IN_FRAMEWORK_HEADER = YES;
				CLANG_WARN_RANGE_LOOP_ANALYSIS = YES;
				CLANG_WARN_STRICT_PROTOTYPES = YES;
				CLANG_WARN_SUSPICIOUS_MOVE = YES;
				CLANG_WARN_UNGUARDED_AVAILABILITY = YES_AGGRESSIVE;
				CLANG_WARN_UNREACHABLE_CODE = YES;
				CLANG_WARN__DUPLICATE_METHOD_MATCH = YES;
				COPY_PHASE_STRIP = NO;
				DEBUG_INFORMATION_FORMAT = dwarf;
				ENABLE_STRICT_OBJC_MSGSEND = YES;
				ENABLE_TESTABILITY = YES;
				ENABLE_USER_SCRIPT_SANDBOXING = YES;
				GCC_C_LANGUAGE_STANDARD = gnu17;
				GCC_DYNAMIC_NO_PIC = NO;
				GCC_NO_COMMON_BLOCKS = YES;
				GCC_OPTIMIZATION_LEVEL = 0;
				GCC_PREPROCESSOR_DEFINITIONS = (
					"DEBUG=1",
					"$(inherited)",
				);
				GCC_WARN_64_TO_32_BIT_CONVERSION = YES;
				GCC_WARN_ABOUT_RETURN_TYPE = YES_ERROR;
				GCC_WARN_UNDECLARED_SELECTOR = YES;
				GCC_WARN_UNINITIALIZED_AUTOS = YES_AGGRESSIVE;
				GCC_WARN_UNUSED_FUNCTION = YES;
				GCC_WARN_UNUSED_VARIABLE = YES;
				IPHONEOS_DEPLOYMENT_TARGET = 17.2;
				LOCALIZATION_PREFERS_STRING_CATALOGS = YES;
				MTL_ENABLE_DEBUG_INFO = INCLUDE_SOURCE;
				MTL_FAST_MATH = YES;
				ONLY_ACTIVE_ARCH = YES;
				SDKROOT = iphoneos;
				SWIFT_ACTIVE_COMPILATION_CONDITIONS = "DEBUG $(inherited)";
				SWIFT_OPTIMIZATION_LEVEL = "-Onone";
			};
			name = Debug;
		};
		23267D102B81A9BC00A4587D /* Release */ = {
			isa = XCBuildConfiguration;
			buildSettings = {
				ALWAYS_SEARCH_USER_PATHS = NO;
				ASSETCATALOG_COMPILER_GENERATE_SWIFT_ASSET_SYMBOL_EXTENSIONS = YES;
				CLANG_ANALYZER_NONNULL = YES;
				CLANG_ANALYZER_NUMBER_OBJECT_CONVERSION = YES_AGGRESSIVE;
				CLANG_CXX_LANGUAGE_STANDARD = "gnu++20";
				CLANG_ENABLE_MODULES = YES;
				CLANG_ENABLE_OBJC_ARC = YES;
				CLANG_ENABLE_OBJC_WEAK = YES;
				CLANG_WARN_BLOCK_CAPTURE_AUTORELEASING = YES;
				CLANG_WARN_BOOL_CONVERSION = YES;
				CLANG_WARN_COMMA = YES;
				CLANG_WARN_CONSTANT_CONVERSION = YES;
				CLANG_WARN_DEPRECATED_OBJC_IMPLEMENTATIONS = YES;
				CLANG_WARN_DIRECT_OBJC_ISA_USAGE = YES_ERROR;
				CLANG_WARN_DOCUMENTATION_COMMENTS = YES;
				CLANG_WARN_EMPTY_BODY = YES;
				CLANG_WARN_ENUM_CONVERSION = YES;
				CLANG_WARN_INFINITE_RECURSION = YES;
				CLANG_WARN_INT_CONVERSION = YES;
				CLANG_WARN_NON_LITERAL_NULL_CONVERSION = YES;
				CLANG_WARN_OBJC_IMPLICIT_RETAIN_SELF = YES;
				CLANG_WARN_OBJC_LITERAL_CONVERSION = YES;
				CLANG_WARN_OBJC_ROOT_CLASS = YES_ERROR;
				CLANG_WARN_QUOTED_INCLUDE_IN_FRAMEWORK_HEADER = YES;
				CLANG_WARN_RANGE_LOOP_ANALYSIS = YES;
				CLANG_WARN_STRICT_PROTOTYPES = YES;
				CLANG_WARN_SUSPICIOUS_MOVE = YES;
				CLANG_WARN_UNGUARDED_AVAILABILITY = YES_AGGRESSIVE;
				CLANG_WARN_UNREACHABLE_CODE = YES;
				CLANG_WARN__DUPLICATE_METHOD_MATCH = YES;
				COPY_PHASE_STRIP = NO;
				DEBUG_INFORMATION_FORMAT = "dwarf-with-dsym";
				ENABLE_NS_ASSERTIONS = NO;
				ENABLE_STRICT_OBJC_MSGSEND = YES;
				ENABLE_USER_SCRIPT_SANDBOXING = YES;
				GCC_C_LANGUAGE_STANDARD = gnu17;
				GCC_NO_COMMON_BLOCKS = YES;
				GCC_WARN_64_TO_32_BIT_CONVERSION = YES;
				GCC_WARN_ABOUT_RETURN_TYPE = YES_ERROR;
				GCC_WARN_UNDECLARED_SELECTOR = YES;
				GCC_WARN_UNINITIALIZED_AUTOS = YES_AGGRESSIVE;
				GCC_WARN_UNUSED_FUNCTION = YES;
				GCC_WARN_UNUSED_VARIABLE = YES;
				IPHONEOS_DEPLOYMENT_TARGET = 17.2;
				LOCALIZATION_PREFERS_STRING_CATALOGS = YES;
				MTL_ENABLE_DEBUG_INFO = NO;
				MTL_FAST_MATH = YES;
				SDKROOT = iphoneos;
				SWIFT_COMPILATION_MODE = wholemodule;
				VALIDATE_PRODUCT = YES;
			};
			name = Release;
		};
		23267D122B81A9BC00A4587D /* Debug */ = {
			isa = XCBuildConfiguration;
			buildSettings = {
				ASSETCATALOG_COMPILER_APPICON_NAME = AppIcon;
				ASSETCATALOG_COMPILER_GLOBAL_ACCENT_COLOR_NAME = AccentColor;
				CODE_SIGN_STYLE = Automatic;
				CURRENT_PROJECT_VERSION = 1;
				DEVELOPMENT_TEAM = B8VLRHF5DU;
				GENERATE_INFOPLIST_FILE = YES;
				INFOPLIST_FILE = FriendsApp/Info.plist;
				INFOPLIST_KEY_UIApplicationSupportsIndirectInputEvents = YES;
				INFOPLIST_KEY_UILaunchStoryboardName = LaunchScreen;
				INFOPLIST_KEY_UIMainStoryboardFile = SplashView;
				INFOPLIST_KEY_UISupportedInterfaceOrientations_iPad = "UIInterfaceOrientationPortrait UIInterfaceOrientationPortraitUpsideDown UIInterfaceOrientationLandscapeLeft UIInterfaceOrientationLandscapeRight";
				INFOPLIST_KEY_UISupportedInterfaceOrientations_iPhone = "UIInterfaceOrientationPortrait UIInterfaceOrientationLandscapeLeft UIInterfaceOrientationLandscapeRight";
				LD_RUNPATH_SEARCH_PATHS = (
					"$(inherited)",
					"@executable_path/Frameworks",
				);
				MARKETING_VERSION = 1.0;
				PRODUCT_BUNDLE_IDENTIFIER = com.robert.rs.FriendsApp;
				PRODUCT_NAME = "$(TARGET_NAME)";
				SUPPORTED_PLATFORMS = "iphoneos iphonesimulator";
				SUPPORTS_MACCATALYST = NO;
				SUPPORTS_MAC_DESIGNED_FOR_IPHONE_IPAD = NO;
				SUPPORTS_XR_DESIGNED_FOR_IPHONE_IPAD = NO;
				SWIFT_EMIT_LOC_STRINGS = YES;
				SWIFT_VERSION = 5.0;
				TARGETED_DEVICE_FAMILY = 1;
			};
			name = Debug;
		};
		23267D132B81A9BC00A4587D /* Release */ = {
			isa = XCBuildConfiguration;
			buildSettings = {
				ASSETCATALOG_COMPILER_APPICON_NAME = AppIcon;
				ASSETCATALOG_COMPILER_GLOBAL_ACCENT_COLOR_NAME = AccentColor;
				CODE_SIGN_STYLE = Automatic;
				CURRENT_PROJECT_VERSION = 1;
				DEVELOPMENT_TEAM = B8VLRHF5DU;
				GENERATE_INFOPLIST_FILE = YES;
				INFOPLIST_FILE = FriendsApp/Info.plist;
				INFOPLIST_KEY_UIApplicationSupportsIndirectInputEvents = YES;
				INFOPLIST_KEY_UILaunchStoryboardName = LaunchScreen;
				INFOPLIST_KEY_UIMainStoryboardFile = SplashView;
				INFOPLIST_KEY_UISupportedInterfaceOrientations_iPad = "UIInterfaceOrientationPortrait UIInterfaceOrientationPortraitUpsideDown UIInterfaceOrientationLandscapeLeft UIInterfaceOrientationLandscapeRight";
				INFOPLIST_KEY_UISupportedInterfaceOrientations_iPhone = "UIInterfaceOrientationPortrait UIInterfaceOrientationLandscapeLeft UIInterfaceOrientationLandscapeRight";
				LD_RUNPATH_SEARCH_PATHS = (
					"$(inherited)",
					"@executable_path/Frameworks",
				);
				MARKETING_VERSION = 1.0;
				PRODUCT_BUNDLE_IDENTIFIER = com.robert.rs.FriendsApp;
				PRODUCT_NAME = "$(TARGET_NAME)";
				SUPPORTED_PLATFORMS = "iphoneos iphonesimulator";
				SUPPORTS_MACCATALYST = NO;
				SUPPORTS_MAC_DESIGNED_FOR_IPHONE_IPAD = NO;
				SUPPORTS_XR_DESIGNED_FOR_IPHONE_IPAD = NO;
				SWIFT_EMIT_LOC_STRINGS = YES;
				SWIFT_VERSION = 5.0;
				TARGETED_DEVICE_FAMILY = 1;
			};
			name = Release;
		};
/* End XCBuildConfiguration section */

/* Begin XCConfigurationList section */
		23267CF82B81A9BB00A4587D /* Build configuration list for PBXProject "FriendsApp" */ = {
			isa = XCConfigurationList;
			buildConfigurations = (
				23267D0F2B81A9BC00A4587D /* Debug */,
				23267D102B81A9BC00A4587D /* Release */,
			);
			defaultConfigurationIsVisible = 0;
			defaultConfigurationName = Release;
		};
		23267D112B81A9BC00A4587D /* Build configuration list for PBXNativeTarget "FriendsApp" */ = {
			isa = XCConfigurationList;
			buildConfigurations = (
				23267D122B81A9BC00A4587D /* Debug */,
				23267D132B81A9BC00A4587D /* Release */,
			);
			defaultConfigurationIsVisible = 0;
			defaultConfigurationName = Release;
		};
/* End XCConfigurationList section */
	};
	rootObject = 23267CF52B81A9BB00A4587D /* Project object */;
}
